
Microsoft Visual Studio Solution File, Format Version 12.00
# Visual Studio Version 17
VisualStudioVersion = 17.0.31903.59
MinimumVisualStudioVersion = 10.0.40219.1
Project("{2150E333-8FDC-42A3-9474-1A3956D46DE8}") = "Week1", "Week1", "{EADD5A42-2DAF-442F-B016-DD141D0BD389}"
EndProject
Project("{2150E333-8FDC-42A3-9474-1A3956D46DE8}") = "Day1", "Day1", "{8C63EAC7-1F6C-4374-819B-E67F9BB9AE6E}"
EndProject
Project("{FAE04EC0-301F-11D3-BF4B-00C04F79EFBC}") = "project1", "Week1\Day1\project1\project1.csproj", "{3F58F907-C8E2-456A-B686-CA8F9F435CD2}"
EndProject
Project("{FAE04EC0-301F-11D3-BF4B-00C04F79EFBC}") = "project2", "Week1\Day1\project2\project2.csproj", "{E10131EB-9D34-49D0-871B-3B9D9B1C9E6D}"
EndProject
Project("{FAE04EC0-301F-11D3-BF4B-00C04F79EFBC}") = "project3", "Week1\Day1\project3\project3.csproj", "{47E3838B-C524-4CD9-B076-074E1C130049}"
EndProject
Project("{FAE04EC0-301F-11D3-BF4B-00C04F79EFBC}") = "delegate-practice", "delegate-practice\delegate-practice.csproj", "{729C6724-7469-4D8C-8C0E-C119766466BD}"
EndProject
Project("{FAE04EC0-301F-11D3-BF4B-00C04F79EFBC}") = "tryCatch", "tryCatch\tryCatch.csproj", "{DBFC08CF-55BD-4D99-8E63-9B5B2AA813D4}"
EndProject
Global
	GlobalSection(SolutionConfigurationPlatforms) = preSolution
		Debug|Any CPU = Debug|Any CPU
		Release|Any CPU = Release|Any CPU
	EndGlobalSection
	GlobalSection(SolutionProperties) = preSolution
		HideSolutionNode = FALSE
	EndGlobalSection
	GlobalSection(ProjectConfigurationPlatforms) = postSolution
		{3F58F907-C8E2-456A-B686-CA8F9F435CD2}.Debug|Any CPU.ActiveCfg = Debug|Any CPU
		{3F58F907-C8E2-456A-B686-CA8F9F435CD2}.Debug|Any CPU.Build.0 = Debug|Any CPU
		{3F58F907-C8E2-456A-B686-CA8F9F435CD2}.Release|Any CPU.ActiveCfg = Release|Any CPU
		{3F58F907-C8E2-456A-B686-CA8F9F435CD2}.Release|Any CPU.Build.0 = Release|Any CPU
		{E10131EB-9D34-49D0-871B-3B9D9B1C9E6D}.Debug|Any CPU.ActiveCfg = Debug|Any CPU
		{E10131EB-9D34-49D0-871B-3B9D9B1C9E6D}.Debug|Any CPU.Build.0 = Debug|Any CPU
		{E10131EB-9D34-49D0-871B-3B9D9B1C9E6D}.Release|Any CPU.ActiveCfg = Release|Any CPU
		{E10131EB-9D34-49D0-871B-3B9D9B1C9E6D}.Release|Any CPU.Build.0 = Release|Any CPU
		{47E3838B-C524-4CD9-B076-074E1C130049}.Debug|Any CPU.ActiveCfg = Debug|Any CPU
		{47E3838B-C524-4CD9-B076-074E1C130049}.Debug|Any CPU.Build.0 = Debug|Any CPU
		{47E3838B-C524-4CD9-B076-074E1C130049}.Release|Any CPU.ActiveCfg = Release|Any CPU
		{47E3838B-C524-4CD9-B076-074E1C130049}.Release|Any CPU.Build.0 = Release|Any CPU
		{729C6724-7469-4D8C-8C0E-C119766466BD}.Debug|Any CPU.ActiveCfg = Debug|Any CPU
		{729C6724-7469-4D8C-8C0E-C119766466BD}.Debug|Any CPU.Build.0 = Debug|Any CPU
		{729C6724-7469-4D8C-8C0E-C119766466BD}.Release|Any CPU.ActiveCfg = Release|Any CPU
		{729C6724-7469-4D8C-8C0E-C119766466BD}.Release|Any CPU.Build.0 = Release|Any CPU
		{DBFC08CF-55BD-4D99-8E63-9B5B2AA813D4}.Debug|Any CPU.ActiveCfg = Debug|Any CPU
		{DBFC08CF-55BD-4D99-8E63-9B5B2AA813D4}.Debug|Any CPU.Build.0 = Debug|Any CPU
		{DBFC08CF-55BD-4D99-8E63-9B5B2AA813D4}.Release|Any CPU.ActiveCfg = Release|Any CPU
		{DBFC08CF-55BD-4D99-8E63-9B5B2AA813D4}.Release|Any CPU.Build.0 = Release|Any CPU
	EndGlobalSection
	GlobalSection(NestedProjects) = preSolution
		{8C63EAC7-1F6C-4374-819B-E67F9BB9AE6E} = {EADD5A42-2DAF-442F-B016-DD141D0BD389}
		{3F58F907-C8E2-456A-B686-CA8F9F435CD2} = {8C63EAC7-1F6C-4374-819B-E67F9BB9AE6E}
		{E10131EB-9D34-49D0-871B-3B9D9B1C9E6D} = {8C63EAC7-1F6C-4374-819B-E67F9BB9AE6E}
		{47E3838B-C524-4CD9-B076-074E1C130049} = {8C63EAC7-1F6C-4374-819B-E67F9BB9AE6E}
	EndGlobalSection
EndGlobal
