
Microsoft Visual Studio Solution File, Format Version 12.00
# Visual Studio Version 17
VisualStudioVersion = 17.0.31903.59
MinimumVisualStudioVersion = 10.0.40219.1
Project("{FAE04EC0-301F-11D3-BF4B-00C04F79EFBC}") = "project2", "project2\project2.csproj", "{49B6940C-F5CF-42B9-99F9-FEA46FEB89EA}"
EndProject
Project("{FAE04EC0-301F-11D3-BF4B-00C04F79EFBC}") = "project1", "project1\project1.csproj", "{AD9400B8-10C6-4761-9238-EF7C2BB410CE}"
EndProject
Project("{FAE04EC0-301F-11D3-BF4B-00C04F79EFBC}") = "project4", "project4\project4.csproj", "{B2FA90E4-C1BF-474F-A4AA-4A219BF1ED1C}"
EndProject
Project("{FAE04EC0-301F-11D3-BF4B-00C04F79EFBC}") = "project3", "project3\project3.csproj", "{1AFB566A-2B65-48B4-BB3E-83F0DE89404F}"
EndProject
Project("{FAE04EC0-301F-11D3-BF4B-00C04F79EFBC}") = "project5", "project5\project5.csproj", "{BC64D8C3-F8A5-410E-BC23-96FF8D9D72A0}"
EndProject
Project("{FAE04EC0-301F-11D3-BF4B-00C04F79EFBC}") = "inheritance.cs", "inheritance.cs\inheritance.cs.csproj", "{4F8AD4D7-4C0E-479E-B12D-65126FA635FF}"
EndProject
Project("{FAE04EC0-301F-11D3-BF4B-00C04F79EFBC}") = "abstraction", "abstraction\abstraction.csproj", "{98C18C1E-7168-42EA-A6E7-D1206E1724FA}"
EndProject
Project("{FAE04EC0-301F-11D3-BF4B-00C04F79EFBC}") = "day4-compability", "day4-compability\day4-compability.csproj", "{0333D797-91D3-40BE-BA5E-24CD02D921A5}"
EndProject
Project("{FAE04EC0-301F-11D3-BF4B-00C04F79EFBC}") = "day4-comp", "day4-comp\day4-comp.csproj", "{98901823-7270-40C1-8E88-79851092F33A}"
EndProject
Project("{FAE04EC0-301F-11D3-BF4B-00C04F79EFBC}") = "day4-interface", "day4-interface\day4-interface.csproj", "{DA686A78-8EF5-44D2-9B43-3BA2517DF7E8}"
EndProject
Project("{2150E333-8FDC-42A3-9474-1A3956D46DE8}") = "Day 4", "Day 4", "{B1ED12FD-2479-412B-AA27-987C2BA5ADFF}"
EndProject
Project("{2150E333-8FDC-42A3-9474-1A3956D46DE8}") = "Learning", "Learning", "{8FE2DC81-12F3-4E8B-AEBA-B217F9EA1C50}"
EndProject
Project("{2150E333-8FDC-42A3-9474-1A3956D46DE8}") = "Practice", "Practice", "{916D73C6-7E42-4F63-BF48-CC605BBF1CBD}"
EndProject
Project("{FAE04EC0-301F-11D3-BF4B-00C04F79EFBC}") = "abstract", "abstract\abstract.csproj", "{A1C27CEF-A838-4189-9810-69300FFC1F86}"
EndProject
Project("{FAE04EC0-301F-11D3-BF4B-00C04F79EFBC}") = "interface", "interface\interface.csproj", "{FC543ABB-5DE0-4BDE-8B09-ECC4163502EE}"
EndProject
Project("{2150E333-8FDC-42A3-9474-1A3956D46DE8}") = "Day 3", "Day 3", "{B88ECB95-7877-412E-B272-E052CF54DCA4}"
EndProject
Project("{2150E333-8FDC-42A3-9474-1A3956D46DE8}") = "Day 2", "Day 2", "{0B1A31C4-7F09-4956-9D4C-5359B321C63E}"
EndProject
Project("{2150E333-8FDC-42A3-9474-1A3956D46DE8}") = "Day 1", "Day 1", "{89A955E7-9EC2-4399-BE9D-90BEAF6F7625}"
EndProject
Project("{2150E333-8FDC-42A3-9474-1A3956D46DE8}") = "Week 1", "Week 1", "{89A2DFEE-DEEA-49E9-95DA-558F0CE33C57}"
EndProject
Project("{2150E333-8FDC-42A3-9474-1A3956D46DE8}") = "practice", "practice", "{3E0DE92B-5F51-451D-9F4A-A4FC5546D913}"
EndProject
Project("{FAE04EC0-301F-11D3-BF4B-00C04F79EFBC}") = "abstract-practice", "abstract-practice\abstract-practice.csproj", "{9844016E-4AEC-48BE-82A0-7709D4E3D163}"
EndProject
Project("{FAE04EC0-301F-11D3-BF4B-00C04F79EFBC}") = "interface-practice", "interface-practice\interface-practice.csproj", "{F52F5BC6-A770-40A2-A20F-734062C9D2B5}"
EndProject
Project("{FAE04EC0-301F-11D3-BF4B-00C04F79EFBC}") = "printer-practice", "printer-practice\printer-practice.csproj", "{7313E6E9-7DE6-43C4-8405-8E91238EB130}"
EndProject
Project("{FAE04EC0-301F-11D3-BF4B-00C04F79EFBC}") = "properties", "properties\properties.csproj", "{9AE25F90-82A0-4685-B2DB-127FCFCB3DCA}"
EndProject
Project("{2150E333-8FDC-42A3-9474-1A3956D46DE8}") = "Day 5", "Day 5", "{DDFD099B-5CB9-4314-AFDB-A48A668BE8C5}"
EndProject
Project("{2150E333-8FDC-42A3-9474-1A3956D46DE8}") = "Learning", "Learning", "{39D8D642-B231-4D78-BC94-FA2463907AE8}"
EndProject
Project("{FAE04EC0-301F-11D3-BF4B-00C04F79EFBC}") = "Casting", "Casting\Casting.csproj", "{87221D68-CA4F-4D46-B5A7-970806DBAB30}"
EndProject
Project("{FAE04EC0-301F-11D3-BF4B-00C04F79EFBC}") = "calculator", "calculator\calculator.csproj", "{A704D6B8-E3B4-4E5F-8465-FECCFB7F5EA1}"
EndProject
Project("{FAE04EC0-301F-11D3-BF4B-00C04F79EFBC}") = "object", "object\object.csproj", "{F34E5DBA-D58C-4329-89F5-93D11ACAB6D9}"
EndProject
Project("{FAE04EC0-301F-11D3-BF4B-00C04F79EFBC}") = "cast", "cast\cast.csproj", "{2FA19E7C-9BBB-43DE-811E-8914415FDD85}"
EndProject
Project("{FAE04EC0-301F-11D3-BF4B-00C04F79EFBC}") = "dataType", "dataType\dataType.csproj", "{53D87299-918A-4A9C-8E65-25EABDB59FAF}"
EndProject
Project("{2150E333-8FDC-42A3-9474-1A3956D46DE8}") = "practice", "practice", "{06613583-95FF-4752-B1C0-358EB199F13C}"
EndProject
Project("{FAE04EC0-301F-11D3-BF4B-00C04F79EFBC}") = "casting-practice", "casting-practice\casting-practice.csproj", "{57558236-0C26-4CFA-9BC2-DC27C11B88AC}"
EndProject
Global
	GlobalSection(SolutionConfigurationPlatforms) = preSolution
		Debug|Any CPU = Debug|Any CPU
		Release|Any CPU = Release|Any CPU
	EndGlobalSection
	GlobalSection(SolutionProperties) = preSolution
		HideSolutionNode = FALSE
	EndGlobalSection
	GlobalSection(ProjectConfigurationPlatforms) = postSolution
		{49B6940C-F5CF-42B9-99F9-FEA46FEB89EA}.Debug|Any CPU.ActiveCfg = Debug|Any CPU
		{49B6940C-F5CF-42B9-99F9-FEA46FEB89EA}.Debug|Any CPU.Build.0 = Debug|Any CPU
		{49B6940C-F5CF-42B9-99F9-FEA46FEB89EA}.Release|Any CPU.ActiveCfg = Release|Any CPU
		{49B6940C-F5CF-42B9-99F9-FEA46FEB89EA}.Release|Any CPU.Build.0 = Release|Any CPU
		{AD9400B8-10C6-4761-9238-EF7C2BB410CE}.Debug|Any CPU.ActiveCfg = Debug|Any CPU
		{AD9400B8-10C6-4761-9238-EF7C2BB410CE}.Debug|Any CPU.Build.0 = Debug|Any CPU
		{AD9400B8-10C6-4761-9238-EF7C2BB410CE}.Release|Any CPU.ActiveCfg = Release|Any CPU
		{AD9400B8-10C6-4761-9238-EF7C2BB410CE}.Release|Any CPU.Build.0 = Release|Any CPU
		{B2FA90E4-C1BF-474F-A4AA-4A219BF1ED1C}.Debug|Any CPU.ActiveCfg = Debug|Any CPU
		{B2FA90E4-C1BF-474F-A4AA-4A219BF1ED1C}.Debug|Any CPU.Build.0 = Debug|Any CPU
		{B2FA90E4-C1BF-474F-A4AA-4A219BF1ED1C}.Release|Any CPU.ActiveCfg = Release|Any CPU
		{B2FA90E4-C1BF-474F-A4AA-4A219BF1ED1C}.Release|Any CPU.Build.0 = Release|Any CPU
		{1AFB566A-2B65-48B4-BB3E-83F0DE89404F}.Debug|Any CPU.ActiveCfg = Debug|Any CPU
		{1AFB566A-2B65-48B4-BB3E-83F0DE89404F}.Debug|Any CPU.Build.0 = Debug|Any CPU
		{1AFB566A-2B65-48B4-BB3E-83F0DE89404F}.Release|Any CPU.ActiveCfg = Release|Any CPU
		{1AFB566A-2B65-48B4-BB3E-83F0DE89404F}.Release|Any CPU.Build.0 = Release|Any CPU
		{BC64D8C3-F8A5-410E-BC23-96FF8D9D72A0}.Debug|Any CPU.ActiveCfg = Debug|Any CPU
		{BC64D8C3-F8A5-410E-BC23-96FF8D9D72A0}.Debug|Any CPU.Build.0 = Debug|Any CPU
		{BC64D8C3-F8A5-410E-BC23-96FF8D9D72A0}.Release|Any CPU.ActiveCfg = Release|Any CPU
		{BC64D8C3-F8A5-410E-BC23-96FF8D9D72A0}.Release|Any CPU.Build.0 = Release|Any CPU
		{4F8AD4D7-4C0E-479E-B12D-65126FA635FF}.Debug|Any CPU.ActiveCfg = Debug|Any CPU
		{4F8AD4D7-4C0E-479E-B12D-65126FA635FF}.Debug|Any CPU.Build.0 = Debug|Any CPU
		{4F8AD4D7-4C0E-479E-B12D-65126FA635FF}.Release|Any CPU.ActiveCfg = Release|Any CPU
		{4F8AD4D7-4C0E-479E-B12D-65126FA635FF}.Release|Any CPU.Build.0 = Release|Any CPU
		{98C18C1E-7168-42EA-A6E7-D1206E1724FA}.Debug|Any CPU.ActiveCfg = Debug|Any CPU
		{98C18C1E-7168-42EA-A6E7-D1206E1724FA}.Debug|Any CPU.Build.0 = Debug|Any CPU
		{98C18C1E-7168-42EA-A6E7-D1206E1724FA}.Release|Any CPU.ActiveCfg = Release|Any CPU
		{98C18C1E-7168-42EA-A6E7-D1206E1724FA}.Release|Any CPU.Build.0 = Release|Any CPU
		{0333D797-91D3-40BE-BA5E-24CD02D921A5}.Debug|Any CPU.ActiveCfg = Debug|Any CPU
		{0333D797-91D3-40BE-BA5E-24CD02D921A5}.Debug|Any CPU.Build.0 = Debug|Any CPU
		{0333D797-91D3-40BE-BA5E-24CD02D921A5}.Release|Any CPU.ActiveCfg = Release|Any CPU
		{0333D797-91D3-40BE-BA5E-24CD02D921A5}.Release|Any CPU.Build.0 = Release|Any CPU
		{98901823-7270-40C1-8E88-79851092F33A}.Debug|Any CPU.ActiveCfg = Debug|Any CPU
		{98901823-7270-40C1-8E88-79851092F33A}.Debug|Any CPU.Build.0 = Debug|Any CPU
		{98901823-7270-40C1-8E88-79851092F33A}.Release|Any CPU.ActiveCfg = Release|Any CPU
		{98901823-7270-40C1-8E88-79851092F33A}.Release|Any CPU.Build.0 = Release|Any CPU
		{DA686A78-8EF5-44D2-9B43-3BA2517DF7E8}.Debug|Any CPU.ActiveCfg = Debug|Any CPU
		{DA686A78-8EF5-44D2-9B43-3BA2517DF7E8}.Debug|Any CPU.Build.0 = Debug|Any CPU
		{DA686A78-8EF5-44D2-9B43-3BA2517DF7E8}.Release|Any CPU.ActiveCfg = Release|Any CPU
		{DA686A78-8EF5-44D2-9B43-3BA2517DF7E8}.Release|Any CPU.Build.0 = Release|Any CPU
		{A1C27CEF-A838-4189-9810-69300FFC1F86}.Debug|Any CPU.ActiveCfg = Debug|Any CPU
		{A1C27CEF-A838-4189-9810-69300FFC1F86}.Debug|Any CPU.Build.0 = Debug|Any CPU
		{A1C27CEF-A838-4189-9810-69300FFC1F86}.Release|Any CPU.ActiveCfg = Release|Any CPU
		{A1C27CEF-A838-4189-9810-69300FFC1F86}.Release|Any CPU.Build.0 = Release|Any CPU
		{FC543ABB-5DE0-4BDE-8B09-ECC4163502EE}.Debug|Any CPU.ActiveCfg = Debug|Any CPU
		{FC543ABB-5DE0-4BDE-8B09-ECC4163502EE}.Debug|Any CPU.Build.0 = Debug|Any CPU
		{FC543ABB-5DE0-4BDE-8B09-ECC4163502EE}.Release|Any CPU.ActiveCfg = Release|Any CPU
		{FC543ABB-5DE0-4BDE-8B09-ECC4163502EE}.Release|Any CPU.Build.0 = Release|Any CPU
		{9844016E-4AEC-48BE-82A0-7709D4E3D163}.Debug|Any CPU.ActiveCfg = Debug|Any CPU
		{9844016E-4AEC-48BE-82A0-7709D4E3D163}.Debug|Any CPU.Build.0 = Debug|Any CPU
		{9844016E-4AEC-48BE-82A0-7709D4E3D163}.Release|Any CPU.ActiveCfg = Release|Any CPU
		{9844016E-4AEC-48BE-82A0-7709D4E3D163}.Release|Any CPU.Build.0 = Release|Any CPU
		{F52F5BC6-A770-40A2-A20F-734062C9D2B5}.Debug|Any CPU.ActiveCfg = Debug|Any CPU
		{F52F5BC6-A770-40A2-A20F-734062C9D2B5}.Debug|Any CPU.Build.0 = Debug|Any CPU
		{F52F5BC6-A770-40A2-A20F-734062C9D2B5}.Release|Any CPU.ActiveCfg = Release|Any CPU
		{F52F5BC6-A770-40A2-A20F-734062C9D2B5}.Release|Any CPU.Build.0 = Release|Any CPU
		{7313E6E9-7DE6-43C4-8405-8E91238EB130}.Debug|Any CPU.ActiveCfg = Debug|Any CPU
		{7313E6E9-7DE6-43C4-8405-8E91238EB130}.Debug|Any CPU.Build.0 = Debug|Any CPU
		{7313E6E9-7DE6-43C4-8405-8E91238EB130}.Release|Any CPU.ActiveCfg = Release|Any CPU
		{7313E6E9-7DE6-43C4-8405-8E91238EB130}.Release|Any CPU.Build.0 = Release|Any CPU
		{9AE25F90-82A0-4685-B2DB-127FCFCB3DCA}.Debug|Any CPU.ActiveCfg = Debug|Any CPU
		{9AE25F90-82A0-4685-B2DB-127FCFCB3DCA}.Debug|Any CPU.Build.0 = Debug|Any CPU
		{9AE25F90-82A0-4685-B2DB-127FCFCB3DCA}.Release|Any CPU.ActiveCfg = Release|Any CPU
		{9AE25F90-82A0-4685-B2DB-127FCFCB3DCA}.Release|Any CPU.Build.0 = Release|Any CPU
		{87221D68-CA4F-4D46-B5A7-970806DBAB30}.Debug|Any CPU.ActiveCfg = Debug|Any CPU
		{87221D68-CA4F-4D46-B5A7-970806DBAB30}.Debug|Any CPU.Build.0 = Debug|Any CPU
		{87221D68-CA4F-4D46-B5A7-970806DBAB30}.Release|Any CPU.ActiveCfg = Release|Any CPU
		{87221D68-CA4F-4D46-B5A7-970806DBAB30}.Release|Any CPU.Build.0 = Release|Any CPU
		{A704D6B8-E3B4-4E5F-8465-FECCFB7F5EA1}.Debug|Any CPU.ActiveCfg = Debug|Any CPU
		{A704D6B8-E3B4-4E5F-8465-FECCFB7F5EA1}.Debug|Any CPU.Build.0 = Debug|Any CPU
		{A704D6B8-E3B4-4E5F-8465-FECCFB7F5EA1}.Release|Any CPU.ActiveCfg = Release|Any CPU
		{A704D6B8-E3B4-4E5F-8465-FECCFB7F5EA1}.Release|Any CPU.Build.0 = Release|Any CPU
		{F34E5DBA-D58C-4329-89F5-93D11ACAB6D9}.Debug|Any CPU.ActiveCfg = Debug|Any CPU
		{F34E5DBA-D58C-4329-89F5-93D11ACAB6D9}.Debug|Any CPU.Build.0 = Debug|Any CPU
		{F34E5DBA-D58C-4329-89F5-93D11ACAB6D9}.Release|Any CPU.ActiveCfg = Release|Any CPU
		{F34E5DBA-D58C-4329-89F5-93D11ACAB6D9}.Release|Any CPU.Build.0 = Release|Any CPU
		{2FA19E7C-9BBB-43DE-811E-8914415FDD85}.Debug|Any CPU.ActiveCfg = Debug|Any CPU
		{2FA19E7C-9BBB-43DE-811E-8914415FDD85}.Debug|Any CPU.Build.0 = Debug|Any CPU
		{2FA19E7C-9BBB-43DE-811E-8914415FDD85}.Release|Any CPU.ActiveCfg = Release|Any CPU
		{2FA19E7C-9BBB-43DE-811E-8914415FDD85}.Release|Any CPU.Build.0 = Release|Any CPU
		{53D87299-918A-4A9C-8E65-25EABDB59FAF}.Debug|Any CPU.ActiveCfg = Debug|Any CPU
		{53D87299-918A-4A9C-8E65-25EABDB59FAF}.Debug|Any CPU.Build.0 = Debug|Any CPU
		{53D87299-918A-4A9C-8E65-25EABDB59FAF}.Release|Any CPU.ActiveCfg = Release|Any CPU
		{53D87299-918A-4A9C-8E65-25EABDB59FAF}.Release|Any CPU.Build.0 = Release|Any CPU
		{57558236-0C26-4CFA-9BC2-DC27C11B88AC}.Debug|Any CPU.ActiveCfg = Debug|Any CPU
		{57558236-0C26-4CFA-9BC2-DC27C11B88AC}.Debug|Any CPU.Build.0 = Debug|Any CPU
		{57558236-0C26-4CFA-9BC2-DC27C11B88AC}.Release|Any CPU.ActiveCfg = Release|Any CPU
		{57558236-0C26-4CFA-9BC2-DC27C11B88AC}.Release|Any CPU.Build.0 = Release|Any CPU
	EndGlobalSection
	GlobalSection(NestedProjects) = preSolution
		{57558236-0C26-4CFA-9BC2-DC27C11B88AC} = {06613583-95FF-4752-B1C0-358EB199F13C}
		{06613583-95FF-4752-B1C0-358EB199F13C} = {DDFD099B-5CB9-4314-AFDB-A48A668BE8C5}
		{F34E5DBA-D58C-4329-89F5-93D11ACAB6D9} = {39D8D642-B231-4D78-BC94-FA2463907AE8}
		{53D87299-918A-4A9C-8E65-25EABDB59FAF} = {39D8D642-B231-4D78-BC94-FA2463907AE8}
		{2FA19E7C-9BBB-43DE-811E-8914415FDD85} = {39D8D642-B231-4D78-BC94-FA2463907AE8}
		{A704D6B8-E3B4-4E5F-8465-FECCFB7F5EA1} = {39D8D642-B231-4D78-BC94-FA2463907AE8}
		{87221D68-CA4F-4D46-B5A7-970806DBAB30} = {39D8D642-B231-4D78-BC94-FA2463907AE8}
		{39D8D642-B231-4D78-BC94-FA2463907AE8} = {DDFD099B-5CB9-4314-AFDB-A48A668BE8C5}
		{DDFD099B-5CB9-4314-AFDB-A48A668BE8C5} = {89A2DFEE-DEEA-49E9-95DA-558F0CE33C57}
		{9AE25F90-82A0-4685-B2DB-127FCFCB3DCA} = {8FE2DC81-12F3-4E8B-AEBA-B217F9EA1C50}
		{7313E6E9-7DE6-43C4-8405-8E91238EB130} = {3E0DE92B-5F51-451D-9F4A-A4FC5546D913}
		{F52F5BC6-A770-40A2-A20F-734062C9D2B5} = {3E0DE92B-5F51-451D-9F4A-A4FC5546D913}
		{9844016E-4AEC-48BE-82A0-7709D4E3D163} = {3E0DE92B-5F51-451D-9F4A-A4FC5546D913}
		{3E0DE92B-5F51-451D-9F4A-A4FC5546D913} = {B1ED12FD-2479-412B-AA27-987C2BA5ADFF}
		{B1ED12FD-2479-412B-AA27-987C2BA5ADFF} = {89A2DFEE-DEEA-49E9-95DA-558F0CE33C57}
		{B88ECB95-7877-412E-B272-E052CF54DCA4} = {89A2DFEE-DEEA-49E9-95DA-558F0CE33C57}
		{0B1A31C4-7F09-4956-9D4C-5359B321C63E} = {89A2DFEE-DEEA-49E9-95DA-558F0CE33C57}
		{89A955E7-9EC2-4399-BE9D-90BEAF6F7625} = {89A955E7-9EC2-4399-BE9D-90BEAF6F7625}
		{BC64D8C3-F8A5-410E-BC23-96FF8D9D72A0} = {0B1A31C4-7F09-4956-9D4C-5359B321C63E}
		{B2FA90E4-C1BF-474F-A4AA-4A219BF1ED1C} = {0B1A31C4-7F09-4956-9D4C-5359B321C63E}
		{1AFB566A-2B65-48B4-BB3E-83F0DE89404F} = {89A955E7-9EC2-4399-BE9D-90BEAF6F7625}
		{49B6940C-F5CF-42B9-99F9-FEA46FEB89EA} = {89A955E7-9EC2-4399-BE9D-90BEAF6F7625}
		{AD9400B8-10C6-4761-9238-EF7C2BB410CE} = {89A955E7-9EC2-4399-BE9D-90BEAF6F7625}
		{4F8AD4D7-4C0E-479E-B12D-65126FA635FF} = {B88ECB95-7877-412E-B272-E052CF54DCA4}
		{FC543ABB-5DE0-4BDE-8B09-ECC4163502EE} = {916D73C6-7E42-4F63-BF48-CC605BBF1CBD}
		{A1C27CEF-A838-4189-9810-69300FFC1F86} = {916D73C6-7E42-4F63-BF48-CC605BBF1CBD}
		{DA686A78-8EF5-44D2-9B43-3BA2517DF7E8} = {8FE2DC81-12F3-4E8B-AEBA-B217F9EA1C50}
		{0333D797-91D3-40BE-BA5E-24CD02D921A5} = {8FE2DC81-12F3-4E8B-AEBA-B217F9EA1C50}
		{98901823-7270-40C1-8E88-79851092F33A} = {8FE2DC81-12F3-4E8B-AEBA-B217F9EA1C50}
		{98C18C1E-7168-42EA-A6E7-D1206E1724FA} = {8FE2DC81-12F3-4E8B-AEBA-B217F9EA1C50}
		{916D73C6-7E42-4F63-BF48-CC605BBF1CBD} = {916D73C6-7E42-4F63-BF48-CC605BBF1CBD}
		{8FE2DC81-12F3-4E8B-AEBA-B217F9EA1C50} = {B1ED12FD-2479-412B-AA27-987C2BA5ADFF}
	EndGlobalSection
EndGlobal
